// !$*UTF8*$!
{
	archiveVersion = 1;
	classes = {
	};
	objectVersion = 51;
	objects = {

/* Begin PBXBuildFile section */
		5065D53C60396BCAA490B402 /* Pods_app_register_cpfTests.framework in Frameworks */ = {isa = PBXBuildFile; fileRef = 1C6D325A537F4AA01BA12312 /* Pods_app_register_cpfTests.framework */; };
		9162E9A3257942F800626A0A /* ItemListingTableViewCell.swift in Sources */ = {isa = PBXBuildFile; fileRef = 9162E9A1257942F800626A0A /* ItemListingTableViewCell.swift */; };
		9162E9A4257942F800626A0A /* ItemListingTableViewCell.xib in Resources */ = {isa = PBXBuildFile; fileRef = 9162E9A2257942F800626A0A /* ItemListingTableViewCell.xib */; };
		9162E9A92579963C00626A0A /* BaseViewController.swift in Sources */ = {isa = PBXBuildFile; fileRef = 9162E9A82579963C00626A0A /* BaseViewController.swift */; };
		919B38C7257ABBB600445546 /* ServicesDigioViewModel.swift in Sources */ = {isa = PBXBuildFile; fileRef = 919B38C6257ABBB600445546 /* ServicesDigioViewModel.swift */; };
		919B39A2257AD74F00445546 /* ServiceError.swift in Sources */ = {isa = PBXBuildFile; fileRef = 919B39A1257AD74F00445546 /* ServiceError.swift */; };
		919B39AA257AD7C400445546 /* ConnectivityInternet.swift in Sources */ = {isa = PBXBuildFile; fileRef = 919B39A9257AD7C400445546 /* ConnectivityInternet.swift */; };
		919B39B0257AD80000445546 /* Urls.swift in Sources */ = {isa = PBXBuildFile; fileRef = 919B39AF257AD80000445546 /* Urls.swift */; };
		91F7BE1D2577383900965278 /* AppDelegate.swift in Sources */ = {isa = PBXBuildFile; fileRef = 91F7BE1C2577383900965278 /* AppDelegate.swift */; };
		91F7BE1F2577383900965278 /* SceneDelegate.swift in Sources */ = {isa = PBXBuildFile; fileRef = 91F7BE1E2577383900965278 /* SceneDelegate.swift */; };
		91F7BE262577383A00965278 /* Assets.xcassets in Resources */ = {isa = PBXBuildFile; fileRef = 91F7BE252577383A00965278 /* Assets.xcassets */; };
		91F7BE292577383B00965278 /* Preview Assets.xcassets in Resources */ = {isa = PBXBuildFile; fileRef = 91F7BE282577383B00965278 /* Preview Assets.xcassets */; };
		91F7BE2C2577383B00965278 /* LaunchScreen.storyboard in Resources */ = {isa = PBXBuildFile; fileRef = 91F7BE2A2577383B00965278 /* LaunchScreen.storyboard */; };
		91F7BE372577383B00965278 /* app_register_cpfTests.swift in Sources */ = {isa = PBXBuildFile; fileRef = 91F7BE362577383B00965278 /* app_register_cpfTests.swift */; };
		91F7BE422577383B00965278 /* app_register_cpfUITests.swift in Sources */ = {isa = PBXBuildFile; fileRef = 91F7BE412577383B00965278 /* app_register_cpfUITests.swift */; };
		91F7BE9D25773F1300965278 /* RobotoCondensed-Bold.ttf in Resources */ = {isa = PBXBuildFile; fileRef = 91F7BE8F25773F1200965278 /* RobotoCondensed-Bold.ttf */; };
		91F7BE9E25773F1300965278 /* Roboto-Bold.ttf in Resources */ = {isa = PBXBuildFile; fileRef = 91F7BE9025773F1200965278 /* Roboto-Bold.ttf */; };
		91F7BE9F25773F1300965278 /* ProximaNova-Thin.ttf in Resources */ = {isa = PBXBuildFile; fileRef = 91F7BE9125773F1200965278 /* ProximaNova-Thin.ttf */; };
		91F7BEA025773F1300965278 /* Roboto-Medium.ttf in Resources */ = {isa = PBXBuildFile; fileRef = 91F7BE9225773F1200965278 /* Roboto-Medium.ttf */; };
		91F7BEA125773F1300965278 /* RobotoCondensed-Regular.ttf in Resources */ = {isa = PBXBuildFile; fileRef = 91F7BE9325773F1200965278 /* RobotoCondensed-Regular.ttf */; };
		91F7BEA225773F1300965278 /* Roboto-Thin.ttf in Resources */ = {isa = PBXBuildFile; fileRef = 91F7BE9425773F1200965278 /* Roboto-Thin.ttf */; };
		91F7BEA325773F1300965278 /* ProximaNova-Light.ttf in Resources */ = {isa = PBXBuildFile; fileRef = 91F7BE9525773F1200965278 /* ProximaNova-Light.ttf */; };
		91F7BEA425773F1300965278 /* ProximaNova-Regular.ttf in Resources */ = {isa = PBXBuildFile; fileRef = 91F7BE9625773F1200965278 /* ProximaNova-Regular.ttf */; };
		91F7BEA525773F1300965278 /* ProximaNova-SemiBold.ttf in Resources */ = {isa = PBXBuildFile; fileRef = 91F7BE9725773F1200965278 /* ProximaNova-SemiBold.ttf */; };
		91F7BEA625773F1300965278 /* Roboto-Regular.ttf in Resources */ = {isa = PBXBuildFile; fileRef = 91F7BE9825773F1200965278 /* Roboto-Regular.ttf */; };
		91F7BEA725773F1300965278 /* Roboto-Black.ttf in Resources */ = {isa = PBXBuildFile; fileRef = 91F7BE9925773F1200965278 /* Roboto-Black.ttf */; };
		91F7BEA825773F1300965278 /* Roboto-Light.ttf in Resources */ = {isa = PBXBuildFile; fileRef = 91F7BE9A25773F1200965278 /* Roboto-Light.ttf */; };
		91F7BEA925773F1300965278 /* RobotoCondensed-Light.ttf in Resources */ = {isa = PBXBuildFile; fileRef = 91F7BE9B25773F1200965278 /* RobotoCondensed-Light.ttf */; };
		91F7BEAA25773F1300965278 /* ProximaNova-Bold.ttf in Resources */ = {isa = PBXBuildFile; fileRef = 91F7BE9C25773F1200965278 /* ProximaNova-Bold.ttf */; };
		91F7BEB02577408E00965278 /* RegisterCpfViewController.swift in Sources */ = {isa = PBXBuildFile; fileRef = 91F7BEAE2577408E00965278 /* RegisterCpfViewController.swift */; };
		91F7BEB12577408E00965278 /* RegisterCpfViewController.xib in Resources */ = {isa = PBXBuildFile; fileRef = 91F7BEAF2577408E00965278 /* RegisterCpfViewController.xib */; };
		91F7BEB9257740A400965278 /* RegisterCpfViewModel.swift in Sources */ = {isa = PBXBuildFile; fileRef = 91F7BEB8257740A400965278 /* RegisterCpfViewModel.swift */; };
		91F7BFAA257854A200965278 /* ListingCpfViewModel.swift in Sources */ = {isa = PBXBuildFile; fileRef = 91F7BFA9257854A200965278 /* ListingCpfViewModel.swift */; };
		91F7BFC12578587E00965278 /* ListingCpfViewController.swift in Sources */ = {isa = PBXBuildFile; fileRef = 91F7BFBF2578587E00965278 /* ListingCpfViewController.swift */; };
		91F7BFC22578587E00965278 /* ListingCpfViewController.xib in Resources */ = {isa = PBXBuildFile; fileRef = 91F7BFC02578587E00965278 /* ListingCpfViewController.xib */; };
		91F7BFE425786A7900965278 /* Strings.swift in Sources */ = {isa = PBXBuildFile; fileRef = 91F7BFE325786A7900965278 /* Strings.swift */; };
		91F7C01B2578895900965278 /* app_register_cpf.xcdatamodeld in Sources */ = {isa = PBXBuildFile; fileRef = 91F7C0192578895900965278 /* app_register_cpf.xcdatamodeld */; };
		91FA75F8257A7EB400ABD8F1 /* InformationViewController.swift in Sources */ = {isa = PBXBuildFile; fileRef = 91FA75F6257A7EB400ABD8F1 /* InformationViewController.swift */; };
		91FA75F9257A7EB400ABD8F1 /* InformationViewController.xib in Resources */ = {isa = PBXBuildFile; fileRef = 91FA75F7257A7EB400ABD8F1 /* InformationViewController.xib */; };
		91FA7646257A97C900ABD8F1 /* Extensions.swift in Sources */ = {isa = PBXBuildFile; fileRef = 91FA7645257A97C900ABD8F1 /* Extensions.swift */; };
		91FA764D257A9E5100ABD8F1 /* ServicesDigioViewController.swift in Sources */ = {isa = PBXBuildFile; fileRef = 91FA764B257A9E5100ABD8F1 /* ServicesDigioViewController.swift */; };
		91FA764E257A9E5100ABD8F1 /* ServicesDigioViewController.xib in Resources */ = {isa = PBXBuildFile; fileRef = 91FA764C257A9E5100ABD8F1 /* ServicesDigioViewController.xib */; };
		91FA765D257A9E9D00ABD8F1 /* ServicesDigioModel.swift in Sources */ = {isa = PBXBuildFile; fileRef = 91FA765C257A9E9D00ABD8F1 /* ServicesDigioModel.swift */; };
		91FA7668257A9EDC00ABD8F1 /* ProductsCollectionViewCell.swift in Sources */ = {isa = PBXBuildFile; fileRef = 91FA7666257A9EDC00ABD8F1 /* ProductsCollectionViewCell.swift */; };
		91FA7669257A9EDC00ABD8F1 /* ProductsCollectionViewCell.xib in Resources */ = {isa = PBXBuildFile; fileRef = 91FA7667257A9EDC00ABD8F1 /* ProductsCollectionViewCell.xib */; };
		91FA7672257A9EED00ABD8F1 /* SpotlightCollectionViewCell.swift in Sources */ = {isa = PBXBuildFile; fileRef = 91FA7670257A9EED00ABD8F1 /* SpotlightCollectionViewCell.swift */; };
		91FA7673257A9EED00ABD8F1 /* SpotlightCollectionViewCell.xib in Resources */ = {isa = PBXBuildFile; fileRef = 91FA7671257A9EED00ABD8F1 /* SpotlightCollectionViewCell.xib */; };
		91FA76FC257AB0E400ABD8F1 /* ServicesDigioProvider.swift in Sources */ = {isa = PBXBuildFile; fileRef = 91FA76FB257AB0E400ABD8F1 /* ServicesDigioProvider.swift */; };
		91FA770D257AB40A00ABD8F1 /* Enums.swift in Sources */ = {isa = PBXBuildFile; fileRef = 91FA770C257AB40A00ABD8F1 /* Enums.swift */; };
		9359ABB0C109C257CA1153E1 /* Pods_app_register_cpf.framework in Frameworks */ = {isa = PBXBuildFile; fileRef = 54AFE7EBBB0F96F42243A682 /* Pods_app_register_cpf.framework */; };
		E86FA79F37D4B4564147CD24 /* Pods_app_register_cpf_app_register_cpfUITests.framework in Frameworks */ = {isa = PBXBuildFile; fileRef = ACA6B5BB5A90A4C3EBC4B026 /* Pods_app_register_cpf_app_register_cpfUITests.framework */; };
/* End PBXBuildFile section */

/* Begin PBXContainerItemProxy section */
		91F7BE332577383B00965278 /* PBXContainerItemProxy */ = {
			isa = PBXContainerItemProxy;
			containerPortal = 91F7BE112577383900965278 /* Project object */;
			proxyType = 1;
			remoteGlobalIDString = 91F7BE182577383900965278;
			remoteInfo = "app-register-cpf";
		};
		91F7BE3E2577383B00965278 /* PBXContainerItemProxy */ = {
			isa = PBXContainerItemProxy;
			containerPortal = 91F7BE112577383900965278 /* Project object */;
			proxyType = 1;
			remoteGlobalIDString = 91F7BE182577383900965278;
			remoteInfo = "app-register-cpf";
		};
/* End PBXContainerItemProxy section */

/* Begin PBXFileReference section */
		1C6D325A537F4AA01BA12312 /* Pods_app_register_cpfTests.framework */ = {isa = PBXFileReference; explicitFileType = wrapper.framework; includeInIndex = 0; path = Pods_app_register_cpfTests.framework; sourceTree = BUILT_PRODUCTS_DIR; };
		230816FB3119D105258F862F /* Pods-app-register-cpf.debug.xcconfig */ = {isa = PBXFileReference; includeInIndex = 1; lastKnownFileType = text.xcconfig; name = "Pods-app-register-cpf.debug.xcconfig"; path = "Target Support Files/Pods-app-register-cpf/Pods-app-register-cpf.debug.xcconfig"; sourceTree = "<group>"; };
		29A61B4D3FBE15DDBE710F23 /* Pods-app-register-cpfTests.debug.xcconfig */ = {isa = PBXFileReference; includeInIndex = 1; lastKnownFileType = text.xcconfig; name = "Pods-app-register-cpfTests.debug.xcconfig"; path = "Target Support Files/Pods-app-register-cpfTests/Pods-app-register-cpfTests.debug.xcconfig"; sourceTree = "<group>"; };
		544D6C77C48B05C273314CE2 /* Pods-app-register-cpfTests.release.xcconfig */ = {isa = PBXFileReference; includeInIndex = 1; lastKnownFileType = text.xcconfig; name = "Pods-app-register-cpfTests.release.xcconfig"; path = "Target Support Files/Pods-app-register-cpfTests/Pods-app-register-cpfTests.release.xcconfig"; sourceTree = "<group>"; };
		54AFE7EBBB0F96F42243A682 /* Pods_app_register_cpf.framework */ = {isa = PBXFileReference; explicitFileType = wrapper.framework; includeInIndex = 0; path = Pods_app_register_cpf.framework; sourceTree = BUILT_PRODUCTS_DIR; };
		5CF92B9AF9D260E498F11861 /* Pods-app-register-cpf-app-register-cpfUITests.release.xcconfig */ = {isa = PBXFileReference; includeInIndex = 1; lastKnownFileType = text.xcconfig; name = "Pods-app-register-cpf-app-register-cpfUITests.release.xcconfig"; path = "Target Support Files/Pods-app-register-cpf-app-register-cpfUITests/Pods-app-register-cpf-app-register-cpfUITests.release.xcconfig"; sourceTree = "<group>"; };
		87B073CFF3EA5A286FDEA970 /* Pods-app-register-cpf.release.xcconfig */ = {isa = PBXFileReference; includeInIndex = 1; lastKnownFileType = text.xcconfig; name = "Pods-app-register-cpf.release.xcconfig"; path = "Target Support Files/Pods-app-register-cpf/Pods-app-register-cpf.release.xcconfig"; sourceTree = "<group>"; };
		9162E9A1257942F800626A0A /* ItemListingTableViewCell.swift */ = {isa = PBXFileReference; lastKnownFileType = sourcecode.swift; path = ItemListingTableViewCell.swift; sourceTree = "<group>"; };
		9162E9A2257942F800626A0A /* ItemListingTableViewCell.xib */ = {isa = PBXFileReference; lastKnownFileType = file.xib; path = ItemListingTableViewCell.xib; sourceTree = "<group>"; };
		9162E9A82579963C00626A0A /* BaseViewController.swift */ = {isa = PBXFileReference; lastKnownFileType = sourcecode.swift; path = BaseViewController.swift; sourceTree = "<group>"; };
		919B38C6257ABBB600445546 /* ServicesDigioViewModel.swift */ = {isa = PBXFileReference; lastKnownFileType = sourcecode.swift; path = ServicesDigioViewModel.swift; sourceTree = "<group>"; };
		919B39A1257AD74F00445546 /* ServiceError.swift */ = {isa = PBXFileReference; lastKnownFileType = sourcecode.swift; path = ServiceError.swift; sourceTree = "<group>"; };
		919B39A9257AD7C400445546 /* ConnectivityInternet.swift */ = {isa = PBXFileReference; lastKnownFileType = sourcecode.swift; path = ConnectivityInternet.swift; sourceTree = "<group>"; };
		919B39AF257AD80000445546 /* Urls.swift */ = {isa = PBXFileReference; lastKnownFileType = sourcecode.swift; path = Urls.swift; sourceTree = "<group>"; };
		91F7BE192577383900965278 /* app-register-cpf.app */ = {isa = PBXFileReference; explicitFileType = wrapper.application; includeInIndex = 0; path = "app-register-cpf.app"; sourceTree = BUILT_PRODUCTS_DIR; };
		91F7BE1C2577383900965278 /* AppDelegate.swift */ = {isa = PBXFileReference; lastKnownFileType = sourcecode.swift; path = AppDelegate.swift; sourceTree = "<group>"; };
		91F7BE1E2577383900965278 /* SceneDelegate.swift */ = {isa = PBXFileReference; lastKnownFileType = sourcecode.swift; path = SceneDelegate.swift; sourceTree = "<group>"; };
		91F7BE252577383A00965278 /* Assets.xcassets */ = {isa = PBXFileReference; lastKnownFileType = folder.assetcatalog; path = Assets.xcassets; sourceTree = "<group>"; };
		91F7BE282577383B00965278 /* Preview Assets.xcassets */ = {isa = PBXFileReference; lastKnownFileType = folder.assetcatalog; path = "Preview Assets.xcassets"; sourceTree = "<group>"; };
		91F7BE2B2577383B00965278 /* Base */ = {isa = PBXFileReference; lastKnownFileType = file.storyboard; name = Base; path = Base.lproj/LaunchScreen.storyboard; sourceTree = "<group>"; };
		91F7BE2D2577383B00965278 /* Info.plist */ = {isa = PBXFileReference; lastKnownFileType = text.plist.xml; path = Info.plist; sourceTree = "<group>"; };
		91F7BE322577383B00965278 /* app-register-cpfTests.xctest */ = {isa = PBXFileReference; explicitFileType = wrapper.cfbundle; includeInIndex = 0; path = "app-register-cpfTests.xctest"; sourceTree = BUILT_PRODUCTS_DIR; };
		91F7BE362577383B00965278 /* app_register_cpfTests.swift */ = {isa = PBXFileReference; lastKnownFileType = sourcecode.swift; path = app_register_cpfTests.swift; sourceTree = "<group>"; };
		91F7BE382577383B00965278 /* Info.plist */ = {isa = PBXFileReference; lastKnownFileType = text.plist.xml; path = Info.plist; sourceTree = "<group>"; };
		91F7BE3D2577383B00965278 /* app-register-cpfUITests.xctest */ = {isa = PBXFileReference; explicitFileType = wrapper.cfbundle; includeInIndex = 0; path = "app-register-cpfUITests.xctest"; sourceTree = BUILT_PRODUCTS_DIR; };
		91F7BE412577383B00965278 /* app_register_cpfUITests.swift */ = {isa = PBXFileReference; lastKnownFileType = sourcecode.swift; path = app_register_cpfUITests.swift; sourceTree = "<group>"; };
		91F7BE432577383B00965278 /* Info.plist */ = {isa = PBXFileReference; lastKnownFileType = text.plist.xml; path = Info.plist; sourceTree = "<group>"; };
		91F7BE8F25773F1200965278 /* RobotoCondensed-Bold.ttf */ = {isa = PBXFileReference; lastKnownFileType = file; path = "RobotoCondensed-Bold.ttf"; sourceTree = "<group>"; };
		91F7BE9025773F1200965278 /* Roboto-Bold.ttf */ = {isa = PBXFileReference; lastKnownFileType = file; path = "Roboto-Bold.ttf"; sourceTree = "<group>"; };
		91F7BE9125773F1200965278 /* ProximaNova-Thin.ttf */ = {isa = PBXFileReference; lastKnownFileType = file; path = "ProximaNova-Thin.ttf"; sourceTree = "<group>"; };
		91F7BE9225773F1200965278 /* Roboto-Medium.ttf */ = {isa = PBXFileReference; lastKnownFileType = file; path = "Roboto-Medium.ttf"; sourceTree = "<group>"; };
		91F7BE9325773F1200965278 /* RobotoCondensed-Regular.ttf */ = {isa = PBXFileReference; lastKnownFileType = file; path = "RobotoCondensed-Regular.ttf"; sourceTree = "<group>"; };
		91F7BE9425773F1200965278 /* Roboto-Thin.ttf */ = {isa = PBXFileReference; lastKnownFileType = file; path = "Roboto-Thin.ttf"; sourceTree = "<group>"; };
		91F7BE9525773F1200965278 /* ProximaNova-Light.ttf */ = {isa = PBXFileReference; lastKnownFileType = file; path = "ProximaNova-Light.ttf"; sourceTree = "<group>"; };
		91F7BE9625773F1200965278 /* ProximaNova-Regular.ttf */ = {isa = PBXFileReference; lastKnownFileType = file; path = "ProximaNova-Regular.ttf"; sourceTree = "<group>"; };
		91F7BE9725773F1200965278 /* ProximaNova-SemiBold.ttf */ = {isa = PBXFileReference; lastKnownFileType = file; path = "ProximaNova-SemiBold.ttf"; sourceTree = "<group>"; };
		91F7BE9825773F1200965278 /* Roboto-Regular.ttf */ = {isa = PBXFileReference; lastKnownFileType = file; path = "Roboto-Regular.ttf"; sourceTree = "<group>"; };
		91F7BE9925773F1200965278 /* Roboto-Black.ttf */ = {isa = PBXFileReference; lastKnownFileType = file; path = "Roboto-Black.ttf"; sourceTree = "<group>"; };
		91F7BE9A25773F1200965278 /* Roboto-Light.ttf */ = {isa = PBXFileReference; lastKnownFileType = file; path = "Roboto-Light.ttf"; sourceTree = "<group>"; };
		91F7BE9B25773F1200965278 /* RobotoCondensed-Light.ttf */ = {isa = PBXFileReference; lastKnownFileType = file; path = "RobotoCondensed-Light.ttf"; sourceTree = "<group>"; };
		91F7BE9C25773F1200965278 /* ProximaNova-Bold.ttf */ = {isa = PBXFileReference; lastKnownFileType = file; path = "ProximaNova-Bold.ttf"; sourceTree = "<group>"; };
		91F7BEAE2577408E00965278 /* RegisterCpfViewController.swift */ = {isa = PBXFileReference; lastKnownFileType = sourcecode.swift; path = RegisterCpfViewController.swift; sourceTree = "<group>"; };
		91F7BEAF2577408E00965278 /* RegisterCpfViewController.xib */ = {isa = PBXFileReference; lastKnownFileType = file.xib; path = RegisterCpfViewController.xib; sourceTree = "<group>"; };
		91F7BEB8257740A400965278 /* RegisterCpfViewModel.swift */ = {isa = PBXFileReference; lastKnownFileType = sourcecode.swift; path = RegisterCpfViewModel.swift; sourceTree = "<group>"; };
		91F7BFA9257854A200965278 /* ListingCpfViewModel.swift */ = {isa = PBXFileReference; lastKnownFileType = sourcecode.swift; path = ListingCpfViewModel.swift; sourceTree = "<group>"; };
		91F7BFBF2578587E00965278 /* ListingCpfViewController.swift */ = {isa = PBXFileReference; lastKnownFileType = sourcecode.swift; path = ListingCpfViewController.swift; sourceTree = "<group>"; };
		91F7BFC02578587E00965278 /* ListingCpfViewController.xib */ = {isa = PBXFileReference; lastKnownFileType = file.xib; path = ListingCpfViewController.xib; sourceTree = "<group>"; };
		91F7BFE325786A7900965278 /* Strings.swift */ = {isa = PBXFileReference; lastKnownFileType = sourcecode.swift; path = Strings.swift; sourceTree = "<group>"; };
		91F7C01A2578895900965278 /* app_register_cpf.xcdatamodel */ = {isa = PBXFileReference; lastKnownFileType = wrapper.xcdatamodel; path = app_register_cpf.xcdatamodel; sourceTree = "<group>"; };
		91FA75F6257A7EB400ABD8F1 /* InformationViewController.swift */ = {isa = PBXFileReference; lastKnownFileType = sourcecode.swift; path = InformationViewController.swift; sourceTree = "<group>"; };
		91FA75F7257A7EB400ABD8F1 /* InformationViewController.xib */ = {isa = PBXFileReference; lastKnownFileType = file.xib; path = InformationViewController.xib; sourceTree = "<group>"; };
		91FA7645257A97C900ABD8F1 /* Extensions.swift */ = {isa = PBXFileReference; lastKnownFileType = sourcecode.swift; path = Extensions.swift; sourceTree = "<group>"; };
		91FA764B257A9E5100ABD8F1 /* ServicesDigioViewController.swift */ = {isa = PBXFileReference; lastKnownFileType = sourcecode.swift; path = ServicesDigioViewController.swift; sourceTree = "<group>"; };
		91FA764C257A9E5100ABD8F1 /* ServicesDigioViewController.xib */ = {isa = PBXFileReference; lastKnownFileType = file.xib; path = ServicesDigioViewController.xib; sourceTree = "<group>"; };
		91FA765C257A9E9D00ABD8F1 /* ServicesDigioModel.swift */ = {isa = PBXFileReference; lastKnownFileType = sourcecode.swift; path = ServicesDigioModel.swift; sourceTree = "<group>"; };
		91FA7666257A9EDC00ABD8F1 /* ProductsCollectionViewCell.swift */ = {isa = PBXFileReference; lastKnownFileType = sourcecode.swift; path = ProductsCollectionViewCell.swift; sourceTree = "<group>"; };
		91FA7667257A9EDC00ABD8F1 /* ProductsCollectionViewCell.xib */ = {isa = PBXFileReference; lastKnownFileType = file.xib; path = ProductsCollectionViewCell.xib; sourceTree = "<group>"; };
		91FA7670257A9EED00ABD8F1 /* SpotlightCollectionViewCell.swift */ = {isa = PBXFileReference; lastKnownFileType = sourcecode.swift; path = SpotlightCollectionViewCell.swift; sourceTree = "<group>"; };
		91FA7671257A9EED00ABD8F1 /* SpotlightCollectionViewCell.xib */ = {isa = PBXFileReference; lastKnownFileType = file.xib; path = SpotlightCollectionViewCell.xib; sourceTree = "<group>"; };
		91FA76FB257AB0E400ABD8F1 /* ServicesDigioProvider.swift */ = {isa = PBXFileReference; lastKnownFileType = sourcecode.swift; path = ServicesDigioProvider.swift; sourceTree = "<group>"; };
		91FA770C257AB40A00ABD8F1 /* Enums.swift */ = {isa = PBXFileReference; lastKnownFileType = sourcecode.swift; path = Enums.swift; sourceTree = "<group>"; };
		9C954052E2D6B17161E4122B /* Pods-app-register-cpf-app-register-cpfUITests.debug.xcconfig */ = {isa = PBXFileReference; includeInIndex = 1; lastKnownFileType = text.xcconfig; name = "Pods-app-register-cpf-app-register-cpfUITests.debug.xcconfig"; path = "Target Support Files/Pods-app-register-cpf-app-register-cpfUITests/Pods-app-register-cpf-app-register-cpfUITests.debug.xcconfig"; sourceTree = "<group>"; };
		ACA6B5BB5A90A4C3EBC4B026 /* Pods_app_register_cpf_app_register_cpfUITests.framework */ = {isa = PBXFileReference; explicitFileType = wrapper.framework; includeInIndex = 0; path = Pods_app_register_cpf_app_register_cpfUITests.framework; sourceTree = BUILT_PRODUCTS_DIR; };
/* End PBXFileReference section */

/* Begin PBXFrameworksBuildPhase section */
		91F7BE162577383900965278 /* Frameworks */ = {
			isa = PBXFrameworksBuildPhase;
			buildActionMask = 2147483647;
			files = (
				9359ABB0C109C257CA1153E1 /* Pods_app_register_cpf.framework in Frameworks */,
			);
			runOnlyForDeploymentPostprocessing = 0;
		};
		91F7BE2F2577383B00965278 /* Frameworks */ = {
			isa = PBXFrameworksBuildPhase;
			buildActionMask = 2147483647;
			files = (
				5065D53C60396BCAA490B402 /* Pods_app_register_cpfTests.framework in Frameworks */,
			);
			runOnlyForDeploymentPostprocessing = 0;
		};
		91F7BE3A2577383B00965278 /* Frameworks */ = {
			isa = PBXFrameworksBuildPhase;
			buildActionMask = 2147483647;
			files = (
				E86FA79F37D4B4564147CD24 /* Pods_app_register_cpf_app_register_cpfUITests.framework in Frameworks */,
			);
			runOnlyForDeploymentPostprocessing = 0;
		};
/* End PBXFrameworksBuildPhase section */

/* Begin PBXGroup section */
		9162E9A0257942D600626A0A /* Cell */ = {
			isa = PBXGroup;
			children = (
				9162E9A1257942F800626A0A /* ItemListingTableViewCell.swift */,
				9162E9A2257942F800626A0A /* ItemListingTableViewCell.xib */,
			);
			path = Cell;
			sourceTree = "<group>";
		};
		9162E9AD25799AD000626A0A /* BaseViewController */ = {
			isa = PBXGroup;
			children = (
				9162E9A82579963C00626A0A /* BaseViewController.swift */,
			);
			path = BaseViewController;
			sourceTree = "<group>";
		};
		919B39AE257AD7F300445546 /* Urls */ = {
			isa = PBXGroup;
			children = (
				919B39AF257AD80000445546 /* Urls.swift */,
			);
			path = Urls;
			sourceTree = "<group>";
		};
		91F7BE102577383900965278 = {
			isa = PBXGroup;
			children = (
				91F7BE1B2577383900965278 /* app-register-cpf */,
				91F7BE352577383B00965278 /* app-register-cpfTests */,
				91F7BE402577383B00965278 /* app-register-cpfUITests */,
				91F7BE1A2577383900965278 /* Products */,
				D54BCB883BE22668DEA387FE /* Pods */,
				C8837B5406235583DE5A0CAF /* Frameworks */,
			);
			sourceTree = "<group>";
		};
		91F7BE1A2577383900965278 /* Products */ = {
			isa = PBXGroup;
			children = (
				91F7BE192577383900965278 /* app-register-cpf.app */,
				91F7BE322577383B00965278 /* app-register-cpfTests.xctest */,
				91F7BE3D2577383B00965278 /* app-register-cpfUITests.xctest */,
			);
			name = Products;
			sourceTree = "<group>";
		};
		91F7BE1B2577383900965278 /* app-register-cpf */ = {
			isa = PBXGroup;
			children = (
				91F7BE522577386000965278 /* Commons */,
				91F7BE532577387500965278 /* Modules */,
				91F7BE562577389500965278 /* Resources */,
				91F7BE572577389F00965278 /* System */,
			);
			path = "app-register-cpf";
			sourceTree = "<group>";
		};
		91F7BE272577383B00965278 /* Preview Content */ = {
			isa = PBXGroup;
			children = (
				91F7BE282577383B00965278 /* Preview Assets.xcassets */,
			);
			path = "Preview Content";
			sourceTree = "<group>";
		};
		91F7BE352577383B00965278 /* app-register-cpfTests */ = {
			isa = PBXGroup;
			children = (
				91F7BE362577383B00965278 /* app_register_cpfTests.swift */,
				91F7BE382577383B00965278 /* Info.plist */,
			);
			path = "app-register-cpfTests";
			sourceTree = "<group>";
		};
		91F7BE402577383B00965278 /* app-register-cpfUITests */ = {
			isa = PBXGroup;
			children = (
				91F7BE412577383B00965278 /* app_register_cpfUITests.swift */,
				91F7BE432577383B00965278 /* Info.plist */,
			);
			path = "app-register-cpfUITests";
			sourceTree = "<group>";
		};
		91F7BE522577386000965278 /* Commons */ = {
			isa = PBXGroup;
			children = (
				91F7BFB6257855AA00965278 /* Extensions */,
				9162E9AD25799AD000626A0A /* BaseViewController */,
				91F7BE552577388B00965278 /* Constants */,
				91F7BE542577387E00965278 /* NetworkingService */,
			);
			path = Commons;
			sourceTree = "<group>";
		};
		91F7BE532577387500965278 /* Modules */ = {
			isa = PBXGroup;
			children = (
				91F7BE6625773A7E00965278 /* RegisterCpf */,
				91F7BE6725773A8D00965278 /* ListingCpf */,
				91FA764A257A9E1400ABD8F1 /* ServicesDigio */,
				91FA75C2257A642300ABD8F1 /* InformationViewController */,
			);
			path = Modules;
			sourceTree = "<group>";
		};
		91F7BE542577387E00965278 /* NetworkingService */ = {
			isa = PBXGroup;
			children = (
				91FA76FB257AB0E400ABD8F1 /* ServicesDigioProvider.swift */,
				919B39A1257AD74F00445546 /* ServiceError.swift */,
				919B39A9257AD7C400445546 /* ConnectivityInternet.swift */,
			);
			path = NetworkingService;
			sourceTree = "<group>";
		};
		91F7BE552577388B00965278 /* Constants */ = {
			isa = PBXGroup;
			children = (
				919B39AE257AD7F300445546 /* Urls */,
				91FA770B257AB3FA00ABD8F1 /* Enums */,
				91F7BFE225786A6800965278 /* Strings */,
			);
			path = Constants;
			sourceTree = "<group>";
		};
		91F7BE562577389500965278 /* Resources */ = {
			isa = PBXGroup;
			children = (
				91F7BE252577383A00965278 /* Assets.xcassets */,
				91F7BE58257738A700965278 /* Fonts */,
				91F7BE272577383B00965278 /* Preview Content */,
			);
			path = Resources;
			sourceTree = "<group>";
		};
		91F7BE572577389F00965278 /* System */ = {
			isa = PBXGroup;
			children = (
				91F7BE1C2577383900965278 /* AppDelegate.swift */,
				91F7BE1E2577383900965278 /* SceneDelegate.swift */,
				91F7BE2A2577383B00965278 /* LaunchScreen.storyboard */,
				91F7BE2D2577383B00965278 /* Info.plist */,
				91F7BE6525773A5D00965278 /* CoreData */,
			);
			path = System;
			sourceTree = "<group>";
		};
		91F7BE58257738A700965278 /* Fonts */ = {
			isa = PBXGroup;
			children = (
				91F7BE9C25773F1200965278 /* ProximaNova-Bold.ttf */,
				91F7BE9525773F1200965278 /* ProximaNova-Light.ttf */,
				91F7BE9625773F1200965278 /* ProximaNova-Regular.ttf */,
				91F7BE9725773F1200965278 /* ProximaNova-SemiBold.ttf */,
				91F7BE9125773F1200965278 /* ProximaNova-Thin.ttf */,
				91F7BE9925773F1200965278 /* Roboto-Black.ttf */,
				91F7BE9025773F1200965278 /* Roboto-Bold.ttf */,
				91F7BE9A25773F1200965278 /* Roboto-Light.ttf */,
				91F7BE9225773F1200965278 /* Roboto-Medium.ttf */,
				91F7BE9825773F1200965278 /* Roboto-Regular.ttf */,
				91F7BE9425773F1200965278 /* Roboto-Thin.ttf */,
				91F7BE8F25773F1200965278 /* RobotoCondensed-Bold.ttf */,
				91F7BE9B25773F1200965278 /* RobotoCondensed-Light.ttf */,
				91F7BE9325773F1200965278 /* RobotoCondensed-Regular.ttf */,
			);
			path = Fonts;
			sourceTree = "<group>";
		};
		91F7BE6525773A5D00965278 /* CoreData */ = {
			isa = PBXGroup;
			children = (
				91F7C0192578895900965278 /* app_register_cpf.xcdatamodeld */,
			);
			path = CoreData;
			sourceTree = "<group>";
		};
		91F7BE6625773A7E00965278 /* RegisterCpf */ = {
			isa = PBXGroup;
			children = (
				91F7BEAE2577408E00965278 /* RegisterCpfViewController.swift */,
				91F7BEAF2577408E00965278 /* RegisterCpfViewController.xib */,
				91F7BEB8257740A400965278 /* RegisterCpfViewModel.swift */,
			);
			path = RegisterCpf;
			sourceTree = "<group>";
		};
		91F7BE6725773A8D00965278 /* ListingCpf */ = {
			isa = PBXGroup;
			children = (
				91F7BFBF2578587E00965278 /* ListingCpfViewController.swift */,
				91F7BFC02578587E00965278 /* ListingCpfViewController.xib */,
				91F7BFA9257854A200965278 /* ListingCpfViewModel.swift */,
				9162E9A0257942D600626A0A /* Cell */,
			);
			path = ListingCpf;
			sourceTree = "<group>";
		};
		91F7BFB6257855AA00965278 /* Extensions */ = {
			isa = PBXGroup;
			children = (
				91FA7645257A97C900ABD8F1 /* Extensions.swift */,
			);
			path = Extensions;
			sourceTree = "<group>";
		};
		91F7BFE225786A6800965278 /* Strings */ = {
			isa = PBXGroup;
			children = (
				91F7BFE325786A7900965278 /* Strings.swift */,
			);
			path = Strings;
			sourceTree = "<group>";
		};
		91FA75C2257A642300ABD8F1 /* InformationViewController */ = {
			isa = PBXGroup;
			children = (
				91FA75F6257A7EB400ABD8F1 /* InformationViewController.swift */,
				91FA75F7257A7EB400ABD8F1 /* InformationViewController.xib */,
			);
			path = InformationViewController;
			sourceTree = "<group>";
		};
		91FA764A257A9E1400ABD8F1 /* ServicesDigio */ = {
			isa = PBXGroup;
			children = (
				91FA764B257A9E5100ABD8F1 /* ServicesDigioViewController.swift */,
				91FA764C257A9E5100ABD8F1 /* ServicesDigioViewController.xib */,
				919B38C6257ABBB600445546 /* ServicesDigioViewModel.swift */,
				91FA765B257A9E7F00ABD8F1 /* Model */,
				91FA765A257A9E7900ABD8F1 /* Cells */,
			);
			path = ServicesDigio;
			sourceTree = "<group>";
		};
		91FA765A257A9E7900ABD8F1 /* Cells */ = {
			isa = PBXGroup;
			children = (
				91FA7665257A9EBC00ABD8F1 /* Products */,
				91FA7664257A9EB000ABD8F1 /* Spotlight */,
			);
			path = Cells;
			sourceTree = "<group>";
		};
		91FA765B257A9E7F00ABD8F1 /* Model */ = {
			isa = PBXGroup;
			children = (
				91FA765C257A9E9D00ABD8F1 /* ServicesDigioModel.swift */,
			);
			path = Model;
			sourceTree = "<group>";
		};
		91FA7664257A9EB000ABD8F1 /* Spotlight */ = {
			isa = PBXGroup;
			children = (
				91FA7670257A9EED00ABD8F1 /* SpotlightCollectionViewCell.swift */,
				91FA7671257A9EED00ABD8F1 /* SpotlightCollectionViewCell.xib */,
			);
			path = Spotlight;
			sourceTree = "<group>";
		};
		91FA7665257A9EBC00ABD8F1 /* Products */ = {
			isa = PBXGroup;
			children = (
				91FA7666257A9EDC00ABD8F1 /* ProductsCollectionViewCell.swift */,
				91FA7667257A9EDC00ABD8F1 /* ProductsCollectionViewCell.xib */,
			);
			path = Products;
			sourceTree = "<group>";
		};
		91FA770B257AB3FA00ABD8F1 /* Enums */ = {
			isa = PBXGroup;
			children = (
				91FA770C257AB40A00ABD8F1 /* Enums.swift */,
			);
			path = Enums;
			sourceTree = "<group>";
		};
		C8837B5406235583DE5A0CAF /* Frameworks */ = {
			isa = PBXGroup;
			children = (
				54AFE7EBBB0F96F42243A682 /* Pods_app_register_cpf.framework */,
				ACA6B5BB5A90A4C3EBC4B026 /* Pods_app_register_cpf_app_register_cpfUITests.framework */,
				1C6D325A537F4AA01BA12312 /* Pods_app_register_cpfTests.framework */,
			);
			name = Frameworks;
			sourceTree = "<group>";
		};
		D54BCB883BE22668DEA387FE /* Pods */ = {
			isa = PBXGroup;
			children = (
				230816FB3119D105258F862F /* Pods-app-register-cpf.debug.xcconfig */,
				87B073CFF3EA5A286FDEA970 /* Pods-app-register-cpf.release.xcconfig */,
				9C954052E2D6B17161E4122B /* Pods-app-register-cpf-app-register-cpfUITests.debug.xcconfig */,
				5CF92B9AF9D260E498F11861 /* Pods-app-register-cpf-app-register-cpfUITests.release.xcconfig */,
				29A61B4D3FBE15DDBE710F23 /* Pods-app-register-cpfTests.debug.xcconfig */,
				544D6C77C48B05C273314CE2 /* Pods-app-register-cpfTests.release.xcconfig */,
			);
			path = Pods;
			sourceTree = "<group>";
		};
/* End PBXGroup section */

/* Begin PBXNativeTarget section */
		91F7BE182577383900965278 /* app-register-cpf */ = {
			isa = PBXNativeTarget;
			buildConfigurationList = 91F7BE462577383B00965278 /* Build configuration list for PBXNativeTarget "app-register-cpf" */;
			buildPhases = (
				A6143CEE546A22EF9289A104 /* [CP] Check Pods Manifest.lock */,
				91F7BE152577383900965278 /* Sources */,
				91F7BE162577383900965278 /* Frameworks */,
				91F7BE172577383900965278 /* Resources */,
				578527015C2E402703EFECF7 /* [CP] Embed Pods Frameworks */,
			);
			buildRules = (
			);
			dependencies = (
			);
			name = "app-register-cpf";
			productName = "app-register-cpf";
			productReference = 91F7BE192577383900965278 /* app-register-cpf.app */;
			productType = "com.apple.product-type.application";
		};
		91F7BE312577383B00965278 /* app-register-cpfTests */ = {
			isa = PBXNativeTarget;
			buildConfigurationList = 91F7BE492577383B00965278 /* Build configuration list for PBXNativeTarget "app-register-cpfTests" */;
			buildPhases = (
				E2EEB01D25B7D3A034306CB6 /* [CP] Check Pods Manifest.lock */,
				91F7BE2E2577383B00965278 /* Sources */,
				91F7BE2F2577383B00965278 /* Frameworks */,
				91F7BE302577383B00965278 /* Resources */,
				9ADC2F8C2B2DF1D9D7DC4851 /* [CP] Embed Pods Frameworks */,
			);
			buildRules = (
			);
			dependencies = (
				91F7BE342577383B00965278 /* PBXTargetDependency */,
			);
			name = "app-register-cpfTests";
			productName = "app-register-cpfTests";
			productReference = 91F7BE322577383B00965278 /* app-register-cpfTests.xctest */;
			productType = "com.apple.product-type.bundle.unit-test";
		};
		91F7BE3C2577383B00965278 /* app-register-cpfUITests */ = {
			isa = PBXNativeTarget;
			buildConfigurationList = 91F7BE4C2577383B00965278 /* Build configuration list for PBXNativeTarget "app-register-cpfUITests" */;
			buildPhases = (
				C66A215EB41983E16494F1F9 /* [CP] Check Pods Manifest.lock */,
				91F7BE392577383B00965278 /* Sources */,
				91F7BE3A2577383B00965278 /* Frameworks */,
				91F7BE3B2577383B00965278 /* Resources */,
				2B5B60A0A3E2BBFD9D01BD1C /* [CP] Embed Pods Frameworks */,
			);
			buildRules = (
			);
			dependencies = (
				91F7BE3F2577383B00965278 /* PBXTargetDependency */,
			);
			name = "app-register-cpfUITests";
			productName = "app-register-cpfUITests";
			productReference = 91F7BE3D2577383B00965278 /* app-register-cpfUITests.xctest */;
			productType = "com.apple.product-type.bundle.ui-testing";
		};
/* End PBXNativeTarget section */

/* Begin PBXProject section */
		91F7BE112577383900965278 /* Project object */ = {
			isa = PBXProject;
			attributes = {
				LastSwiftUpdateCheck = 1220;
				LastUpgradeCheck = 1220;
				TargetAttributes = {
					91F7BE182577383900965278 = {
						CreatedOnToolsVersion = 12.2;
					};
					91F7BE312577383B00965278 = {
						CreatedOnToolsVersion = 12.2;
						TestTargetID = 91F7BE182577383900965278;
					};
					91F7BE3C2577383B00965278 = {
						CreatedOnToolsVersion = 12.2;
						TestTargetID = 91F7BE182577383900965278;
					};
				};
			};
			buildConfigurationList = 91F7BE142577383900965278 /* Build configuration list for PBXProject "app-register-cpf" */;
			compatibilityVersion = "Xcode 9.3";
			developmentRegion = en;
			hasScannedForEncodings = 0;
			knownRegions = (
				en,
				Base,
			);
			mainGroup = 91F7BE102577383900965278;
			productRefGroup = 91F7BE1A2577383900965278 /* Products */;
			projectDirPath = "";
			projectRoot = "";
			targets = (
				91F7BE182577383900965278 /* app-register-cpf */,
				91F7BE312577383B00965278 /* app-register-cpfTests */,
				91F7BE3C2577383B00965278 /* app-register-cpfUITests */,
			);
		};
/* End PBXProject section */

/* Begin PBXResourcesBuildPhase section */
		91F7BE172577383900965278 /* Resources */ = {
			isa = PBXResourcesBuildPhase;
			buildActionMask = 2147483647;
			files = (
				91F7BEA425773F1300965278 /* ProximaNova-Regular.ttf in Resources */,
				91F7BEA325773F1300965278 /* ProximaNova-Light.ttf in Resources */,
				91F7BEA925773F1300965278 /* RobotoCondensed-Light.ttf in Resources */,
				91FA764E257A9E5100ABD8F1 /* ServicesDigioViewController.xib in Resources */,
				91F7BEA825773F1300965278 /* Roboto-Light.ttf in Resources */,
				91F7BE9F25773F1300965278 /* ProximaNova-Thin.ttf in Resources */,
				9162E9A4257942F800626A0A /* ItemListingTableViewCell.xib in Resources */,
				91F7BE2C2577383B00965278 /* LaunchScreen.storyboard in Resources */,
				91FA7669257A9EDC00ABD8F1 /* ProductsCollectionViewCell.xib in Resources */,
				91F7BE292577383B00965278 /* Preview Assets.xcassets in Resources */,
				91F7BEA025773F1300965278 /* Roboto-Medium.ttf in Resources */,
				91F7BE9E25773F1300965278 /* Roboto-Bold.ttf in Resources */,
				91F7BE9D25773F1300965278 /* RobotoCondensed-Bold.ttf in Resources */,
				91F7BEA525773F1300965278 /* ProximaNova-SemiBold.ttf in Resources */,
				91F7BEA125773F1300965278 /* RobotoCondensed-Regular.ttf in Resources */,
				91F7BEA625773F1300965278 /* Roboto-Regular.ttf in Resources */,
				91F7BEB12577408E00965278 /* RegisterCpfViewController.xib in Resources */,
				91F7BEA725773F1300965278 /* Roboto-Black.ttf in Resources */,
				91F7BE262577383A00965278 /* Assets.xcassets in Resources */,
				91F7BEA225773F1300965278 /* Roboto-Thin.ttf in Resources */,
				91F7BEAA25773F1300965278 /* ProximaNova-Bold.ttf in Resources */,
				91FA7673257A9EED00ABD8F1 /* SpotlightCollectionViewCell.xib in Resources */,
				91F7BFC22578587E00965278 /* ListingCpfViewController.xib in Resources */,
				91FA75F9257A7EB400ABD8F1 /* InformationViewController.xib in Resources */,
			);
			runOnlyForDeploymentPostprocessing = 0;
		};
		91F7BE302577383B00965278 /* Resources */ = {
			isa = PBXResourcesBuildPhase;
			buildActionMask = 2147483647;
			files = (
			);
			runOnlyForDeploymentPostprocessing = 0;
		};
		91F7BE3B2577383B00965278 /* Resources */ = {
			isa = PBXResourcesBuildPhase;
			buildActionMask = 2147483647;
			files = (
			);
			runOnlyForDeploymentPostprocessing = 0;
		};
/* End PBXResourcesBuildPhase section */

/* Begin PBXShellScriptBuildPhase section */
		2B5B60A0A3E2BBFD9D01BD1C /* [CP] Embed Pods Frameworks */ = {
			isa = PBXShellScriptBuildPhase;
			buildActionMask = 2147483647;
			files = (
			);
			inputFileListPaths = (
				"${PODS_ROOT}/Target Support Files/Pods-app-register-cpf-app-register-cpfUITests/Pods-app-register-cpf-app-register-cpfUITests-frameworks-${CONFIGURATION}-input-files.xcfilelist",
			);
			name = "[CP] Embed Pods Frameworks";
			outputFileListPaths = (
				"${PODS_ROOT}/Target Support Files/Pods-app-register-cpf-app-register-cpfUITests/Pods-app-register-cpf-app-register-cpfUITests-frameworks-${CONFIGURATION}-output-files.xcfilelist",
			);
			runOnlyForDeploymentPostprocessing = 0;
			shellPath = /bin/sh;
			shellScript = "\"${PODS_ROOT}/Target Support Files/Pods-app-register-cpf-app-register-cpfUITests/Pods-app-register-cpf-app-register-cpfUITests-frameworks.sh\"\n";
			showEnvVarsInLog = 0;
		};
		578527015C2E402703EFECF7 /* [CP] Embed Pods Frameworks */ = {
			isa = PBXShellScriptBuildPhase;
			buildActionMask = 2147483647;
			files = (
			);
			inputFileListPaths = (
				"${PODS_ROOT}/Target Support Files/Pods-app-register-cpf/Pods-app-register-cpf-frameworks-${CONFIGURATION}-input-files.xcfilelist",
			);
			name = "[CP] Embed Pods Frameworks";
			outputFileListPaths = (
				"${PODS_ROOT}/Target Support Files/Pods-app-register-cpf/Pods-app-register-cpf-frameworks-${CONFIGURATION}-output-files.xcfilelist",
			);
			runOnlyForDeploymentPostprocessing = 0;
			shellPath = /bin/sh;
			shellScript = "\"${PODS_ROOT}/Target Support Files/Pods-app-register-cpf/Pods-app-register-cpf-frameworks.sh\"\n";
			showEnvVarsInLog = 0;
		};
		9ADC2F8C2B2DF1D9D7DC4851 /* [CP] Embed Pods Frameworks */ = {
			isa = PBXShellScriptBuildPhase;
			buildActionMask = 2147483647;
			files = (
			);
			inputFileListPaths = (
				"${PODS_ROOT}/Target Support Files/Pods-app-register-cpfTests/Pods-app-register-cpfTests-frameworks-${CONFIGURATION}-input-files.xcfilelist",
			);
			name = "[CP] Embed Pods Frameworks";
			outputFileListPaths = (
				"${PODS_ROOT}/Target Support Files/Pods-app-register-cpfTests/Pods-app-register-cpfTests-frameworks-${CONFIGURATION}-output-files.xcfilelist",
			);
			runOnlyForDeploymentPostprocessing = 0;
			shellPath = /bin/sh;
			shellScript = "\"${PODS_ROOT}/Target Support Files/Pods-app-register-cpfTests/Pods-app-register-cpfTests-frameworks.sh\"\n";
			showEnvVarsInLog = 0;
		};
		A6143CEE546A22EF9289A104 /* [CP] Check Pods Manifest.lock */ = {
			isa = PBXShellScriptBuildPhase;
			buildActionMask = 2147483647;
			files = (
			);
			inputFileListPaths = (
			);
			inputPaths = (
				"${PODS_PODFILE_DIR_PATH}/Podfile.lock",
				"${PODS_ROOT}/Manifest.lock",
			);
			name = "[CP] Check Pods Manifest.lock";
			outputFileListPaths = (
			);
			outputPaths = (
				"$(DERIVED_FILE_DIR)/Pods-app-register-cpf-checkManifestLockResult.txt",
			);
			runOnlyForDeploymentPostprocessing = 0;
			shellPath = /bin/sh;
			shellScript = "diff \"${PODS_PODFILE_DIR_PATH}/Podfile.lock\" \"${PODS_ROOT}/Manifest.lock\" > /dev/null\nif [ $? != 0 ] ; then\n    # print error to STDERR\n    echo \"error: The sandbox is not in sync with the Podfile.lock. Run 'pod install' or update your CocoaPods installation.\" >&2\n    exit 1\nfi\n# This output is used by Xcode 'outputs' to avoid re-running this script phase.\necho \"SUCCESS\" > \"${SCRIPT_OUTPUT_FILE_0}\"\n";
			showEnvVarsInLog = 0;
		};
		C66A215EB41983E16494F1F9 /* [CP] Check Pods Manifest.lock */ = {
			isa = PBXShellScriptBuildPhase;
			buildActionMask = 2147483647;
			files = (
			);
			inputFileListPaths = (
			);
			inputPaths = (
				"${PODS_PODFILE_DIR_PATH}/Podfile.lock",
				"${PODS_ROOT}/Manifest.lock",
			);
			name = "[CP] Check Pods Manifest.lock";
			outputFileListPaths = (
			);
			outputPaths = (
				"$(DERIVED_FILE_DIR)/Pods-app-register-cpf-app-register-cpfUITests-checkManifestLockResult.txt",
			);
			runOnlyForDeploymentPostprocessing = 0;
			shellPath = /bin/sh;
			shellScript = "diff \"${PODS_PODFILE_DIR_PATH}/Podfile.lock\" \"${PODS_ROOT}/Manifest.lock\" > /dev/null\nif [ $? != 0 ] ; then\n    # print error to STDERR\n    echo \"error: The sandbox is not in sync with the Podfile.lock. Run 'pod install' or update your CocoaPods installation.\" >&2\n    exit 1\nfi\n# This output is used by Xcode 'outputs' to avoid re-running this script phase.\necho \"SUCCESS\" > \"${SCRIPT_OUTPUT_FILE_0}\"\n";
			showEnvVarsInLog = 0;
		};
		E2EEB01D25B7D3A034306CB6 /* [CP] Check Pods Manifest.lock */ = {
			isa = PBXShellScriptBuildPhase;
			buildActionMask = 2147483647;
			files = (
			);
			inputFileListPaths = (
			);
			inputPaths = (
				"${PODS_PODFILE_DIR_PATH}/Podfile.lock",
				"${PODS_ROOT}/Manifest.lock",
			);
			name = "[CP] Check Pods Manifest.lock";
			outputFileListPaths = (
			);
			outputPaths = (
				"$(DERIVED_FILE_DIR)/Pods-app-register-cpfTests-checkManifestLockResult.txt",
			);
			runOnlyForDeploymentPostprocessing = 0;
			shellPath = /bin/sh;
			shellScript = "diff \"${PODS_PODFILE_DIR_PATH}/Podfile.lock\" \"${PODS_ROOT}/Manifest.lock\" > /dev/null\nif [ $? != 0 ] ; then\n    # print error to STDERR\n    echo \"error: The sandbox is not in sync with the Podfile.lock. Run 'pod install' or update your CocoaPods installation.\" >&2\n    exit 1\nfi\n# This output is used by Xcode 'outputs' to avoid re-running this script phase.\necho \"SUCCESS\" > \"${SCRIPT_OUTPUT_FILE_0}\"\n";
			showEnvVarsInLog = 0;
		};
/* End PBXShellScriptBuildPhase section */

/* Begin PBXSourcesBuildPhase section */
		91F7BE152577383900965278 /* Sources */ = {
			isa = PBXSourcesBuildPhase;
			buildActionMask = 2147483647;
			files = (
				919B39A2257AD74F00445546 /* ServiceError.swift in Sources */,
				91FA75F8257A7EB400ABD8F1 /* InformationViewController.swift in Sources */,
				9162E9A3257942F800626A0A /* ItemListingTableViewCell.swift in Sources */,
				91FA770D257AB40A00ABD8F1 /* Enums.swift in Sources */,
				91F7BE1D2577383900965278 /* AppDelegate.swift in Sources */,
				919B38C7257ABBB600445546 /* ServicesDigioViewModel.swift in Sources */,
				91FA7672257A9EED00ABD8F1 /* SpotlightCollectionViewCell.swift in Sources */,
				91F7BFAA257854A200965278 /* ListingCpfViewModel.swift in Sources */,
				91FA765D257A9E9D00ABD8F1 /* ServicesDigioModel.swift in Sources */,
				91F7BFE425786A7900965278 /* Strings.swift in Sources */,
				91FA76FC257AB0E400ABD8F1 /* ServicesDigioProvider.swift in Sources */,
				9162E9A92579963C00626A0A /* BaseViewController.swift in Sources */,
				91F7BFC12578587E00965278 /* ListingCpfViewController.swift in Sources */,
				91FA764D257A9E5100ABD8F1 /* ServicesDigioViewController.swift in Sources */,
				91FA7646257A97C900ABD8F1 /* Extensions.swift in Sources */,
				919B39B0257AD80000445546 /* Urls.swift in Sources */,
				91F7BEB02577408E00965278 /* RegisterCpfViewController.swift in Sources */,
				919B39AA257AD7C400445546 /* ConnectivityInternet.swift in Sources */,
				91FA7668257A9EDC00ABD8F1 /* ProductsCollectionViewCell.swift in Sources */,
				91F7BE1F2577383900965278 /* SceneDelegate.swift in Sources */,
				91F7C01B2578895900965278 /* app_register_cpf.xcdatamodeld in Sources */,
				91F7BEB9257740A400965278 /* RegisterCpfViewModel.swift in Sources */,
			);
			runOnlyForDeploymentPostprocessing = 0;
		};
		91F7BE2E2577383B00965278 /* Sources */ = {
			isa = PBXSourcesBuildPhase;
			buildActionMask = 2147483647;
			files = (
				91F7BE372577383B00965278 /* app_register_cpfTests.swift in Sources */,
			);
			runOnlyForDeploymentPostprocessing = 0;
		};
		91F7BE392577383B00965278 /* Sources */ = {
			isa = PBXSourcesBuildPhase;
			buildActionMask = 2147483647;
			files = (
				91F7BE422577383B00965278 /* app_register_cpfUITests.swift in Sources */,
			);
			runOnlyForDeploymentPostprocessing = 0;
		};
/* End PBXSourcesBuildPhase section */

/* Begin PBXTargetDependency section */
		91F7BE342577383B00965278 /* PBXTargetDependency */ = {
			isa = PBXTargetDependency;
			target = 91F7BE182577383900965278 /* app-register-cpf */;
			targetProxy = 91F7BE332577383B00965278 /* PBXContainerItemProxy */;
		};
		91F7BE3F2577383B00965278 /* PBXTargetDependency */ = {
			isa = PBXTargetDependency;
			target = 91F7BE182577383900965278 /* app-register-cpf */;
			targetProxy = 91F7BE3E2577383B00965278 /* PBXContainerItemProxy */;
		};
/* End PBXTargetDependency section */

/* Begin PBXVariantGroup section */
		91F7BE2A2577383B00965278 /* LaunchScreen.storyboard */ = {
			isa = PBXVariantGroup;
			children = (
				91F7BE2B2577383B00965278 /* Base */,
			);
			name = LaunchScreen.storyboard;
			sourceTree = "<group>";
		};
/* End PBXVariantGroup section */

/* Begin XCBuildConfiguration section */
		91F7BE442577383B00965278 /* Debug */ = {
			isa = XCBuildConfiguration;
			buildSettings = {
				ALWAYS_SEARCH_USER_PATHS = NO;
				CLANG_ANALYZER_NONNULL = YES;
				CLANG_ANALYZER_NUMBER_OBJECT_CONVERSION = YES_AGGRESSIVE;
				CLANG_CXX_LANGUAGE_STANDARD = "gnu++14";
				CLANG_CXX_LIBRARY = "libc++";
				CLANG_ENABLE_MODULES = YES;
				CLANG_ENABLE_OBJC_ARC = YES;
				CLANG_ENABLE_OBJC_WEAK = YES;
				CLANG_WARN_BLOCK_CAPTURE_AUTORELEASING = YES;
				CLANG_WARN_BOOL_CONVERSION = YES;
				CLANG_WARN_COMMA = YES;
				CLANG_WARN_CONSTANT_CONVERSION = YES;
				CLANG_WARN_DEPRECATED_OBJC_IMPLEMENTATIONS = YES;
				CLANG_WARN_DIRECT_OBJC_ISA_USAGE = YES_ERROR;
				CLANG_WARN_DOCUMENTATION_COMMENTS = YES;
				CLANG_WARN_EMPTY_BODY = YES;
				CLANG_WARN_ENUM_CONVERSION = YES;
				CLANG_WARN_INFINITE_RECURSION = YES;
				CLANG_WARN_INT_CONVERSION = YES;
				CLANG_WARN_NON_LITERAL_NULL_CONVERSION = YES;
				CLANG_WARN_OBJC_IMPLICIT_RETAIN_SELF = YES;
				CLANG_WARN_OBJC_LITERAL_CONVERSION = YES;
				CLANG_WARN_OBJC_ROOT_CLASS = YES_ERROR;
				CLANG_WARN_QUOTED_INCLUDE_IN_FRAMEWORK_HEADER = YES;
				CLANG_WARN_RANGE_LOOP_ANALYSIS = YES;
				CLANG_WARN_STRICT_PROTOTYPES = YES;
				CLANG_WARN_SUSPICIOUS_MOVE = YES;
				CLANG_WARN_UNGUARDED_AVAILABILITY = YES_AGGRESSIVE;
				CLANG_WARN_UNREACHABLE_CODE = YES;
				CLANG_WARN__DUPLICATE_METHOD_MATCH = YES;
				COPY_PHASE_STRIP = NO;
				DEBUG_INFORMATION_FORMAT = dwarf;
				ENABLE_STRICT_OBJC_MSGSEND = YES;
				ENABLE_TESTABILITY = YES;
				GCC_C_LANGUAGE_STANDARD = gnu11;
				GCC_DYNAMIC_NO_PIC = NO;
				GCC_NO_COMMON_BLOCKS = YES;
				GCC_OPTIMIZATION_LEVEL = 0;
				GCC_PREPROCESSOR_DEFINITIONS = (
					"DEBUG=1",
					"$(inherited)",
				);
				GCC_WARN_64_TO_32_BIT_CONVERSION = YES;
				GCC_WARN_ABOUT_RETURN_TYPE = YES_ERROR;
				GCC_WARN_UNDECLARED_SELECTOR = YES;
				GCC_WARN_UNINITIALIZED_AUTOS = YES_AGGRESSIVE;
				GCC_WARN_UNUSED_FUNCTION = YES;
				GCC_WARN_UNUSED_VARIABLE = YES;
				IPHONEOS_DEPLOYMENT_TARGET = 14.2;
				MTL_ENABLE_DEBUG_INFO = INCLUDE_SOURCE;
				MTL_FAST_MATH = YES;
				ONLY_ACTIVE_ARCH = YES;
				SDKROOT = iphoneos;
				SWIFT_ACTIVE_COMPILATION_CONDITIONS = DEBUG;
				SWIFT_OPTIMIZATION_LEVEL = "-Onone";
			};
			name = Debug;
		};
		91F7BE452577383B00965278 /* Release */ = {
			isa = XCBuildConfiguration;
			buildSettings = {
				ALWAYS_SEARCH_USER_PATHS = NO;
				CLANG_ANALYZER_NONNULL = YES;
				CLANG_ANALYZER_NUMBER_OBJECT_CONVERSION = YES_AGGRESSIVE;
				CLANG_CXX_LANGUAGE_STANDARD = "gnu++14";
				CLANG_CXX_LIBRARY = "libc++";
				CLANG_ENABLE_MODULES = YES;
				CLANG_ENABLE_OBJC_ARC = YES;
				CLANG_ENABLE_OBJC_WEAK = YES;
				CLANG_WARN_BLOCK_CAPTURE_AUTORELEASING = YES;
				CLANG_WARN_BOOL_CONVERSION = YES;
				CLANG_WARN_COMMA = YES;
				CLANG_WARN_CONSTANT_CONVERSION = YES;
				CLANG_WARN_DEPRECATED_OBJC_IMPLEMENTATIONS = YES;
				CLANG_WARN_DIRECT_OBJC_ISA_USAGE = YES_ERROR;
				CLANG_WARN_DOCUMENTATION_COMMENTS = YES;
				CLANG_WARN_EMPTY_BODY = YES;
				CLANG_WARN_ENUM_CONVERSION = YES;
				CLANG_WARN_INFINITE_RECURSION = YES;
				CLANG_WARN_INT_CONVERSION = YES;
				CLANG_WARN_NON_LITERAL_NULL_CONVERSION = YES;
				CLANG_WARN_OBJC_IMPLICIT_RETAIN_SELF = YES;
				CLANG_WARN_OBJC_LITERAL_CONVERSION = YES;
				CLANG_WARN_OBJC_ROOT_CLASS = YES_ERROR;
				CLANG_WARN_QUOTED_INCLUDE_IN_FRAMEWORK_HEADER = YES;
				CLANG_WARN_RANGE_LOOP_ANALYSIS = YES;
				CLANG_WARN_STRICT_PROTOTYPES = YES;
				CLANG_WARN_SUSPICIOUS_MOVE = YES;
				CLANG_WARN_UNGUARDED_AVAILABILITY = YES_AGGRESSIVE;
				CLANG_WARN_UNREACHABLE_CODE = YES;
				CLANG_WARN__DUPLICATE_METHOD_MATCH = YES;
				COPY_PHASE_STRIP = NO;
				DEBUG_INFORMATION_FORMAT = "dwarf-with-dsym";
				ENABLE_NS_ASSERTIONS = NO;
				ENABLE_STRICT_OBJC_MSGSEND = YES;
				GCC_C_LANGUAGE_STANDARD = gnu11;
				GCC_NO_COMMON_BLOCKS = YES;
				GCC_WARN_64_TO_32_BIT_CONVERSION = YES;
				GCC_WARN_ABOUT_RETURN_TYPE = YES_ERROR;
				GCC_WARN_UNDECLARED_SELECTOR = YES;
				GCC_WARN_UNINITIALIZED_AUTOS = YES_AGGRESSIVE;
				GCC_WARN_UNUSED_FUNCTION = YES;
				GCC_WARN_UNUSED_VARIABLE = YES;
				IPHONEOS_DEPLOYMENT_TARGET = 14.2;
				MTL_ENABLE_DEBUG_INFO = NO;
				MTL_FAST_MATH = YES;
				SDKROOT = iphoneos;
				SWIFT_COMPILATION_MODE = wholemodule;
				SWIFT_OPTIMIZATION_LEVEL = "-O";
				VALIDATE_PRODUCT = YES;
			};
			name = Release;
		};
		91F7BE472577383B00965278 /* Debug */ = {
			isa = XCBuildConfiguration;
			baseConfigurationReference = 230816FB3119D105258F862F /* Pods-app-register-cpf.debug.xcconfig */;
			buildSettings = {
				ASSETCATALOG_COMPILER_APPICON_NAME = AppIcon;
				ASSETCATALOG_COMPILER_GLOBAL_ACCENT_COLOR_NAME = AccentColor;
				CODE_SIGN_STYLE = Automatic;
				DEVELOPMENT_ASSET_PATHS = "\"app-register-cpf/Resources/Preview Content\"";
				ENABLE_PREVIEWS = YES;
				INFOPLIST_FILE = "app-register-cpf/System/Info.plist";
				LD_RUNPATH_SEARCH_PATHS = (
					"$(inherited)",
					"@executable_path/Frameworks",
				);
				PRODUCT_BUNDLE_IDENTIFIER = "com.raphaelHenrique.app-register-cpf";
				PRODUCT_NAME = "$(TARGET_NAME)";
				SWIFT_VERSION = 5.0;
				TARGETED_DEVICE_FAMILY = 1;
			};
			name = Debug;
		};
		91F7BE482577383B00965278 /* Release */ = {
			isa = XCBuildConfiguration;
			baseConfigurationReference = 87B073CFF3EA5A286FDEA970 /* Pods-app-register-cpf.release.xcconfig */;
			buildSettings = {
				ASSETCATALOG_COMPILER_APPICON_NAME = AppIcon;
				ASSETCATALOG_COMPILER_GLOBAL_ACCENT_COLOR_NAME = AccentColor;
				CODE_SIGN_STYLE = Automatic;
				DEVELOPMENT_ASSET_PATHS = "\"app-register-cpf/Resources/Preview Content\"";
				ENABLE_PREVIEWS = YES;
				INFOPLIST_FILE = "app-register-cpf/System/Info.plist";
				LD_RUNPATH_SEARCH_PATHS = (
					"$(inherited)",
					"@executable_path/Frameworks",
				);
				PRODUCT_BUNDLE_IDENTIFIER = "com.raphaelHenrique.app-register-cpf";
				PRODUCT_NAME = "$(TARGET_NAME)";
				SWIFT_VERSION = 5.0;
				TARGETED_DEVICE_FAMILY = 1;
			};
			name = Release;
		};
		91F7BE4A2577383B00965278 /* Debug */ = {
			isa = XCBuildConfiguration;
			baseConfigurationReference = 29A61B4D3FBE15DDBE710F23 /* Pods-app-register-cpfTests.debug.xcconfig */;
			buildSettings = {
				ALWAYS_EMBED_SWIFT_STANDARD_LIBRARIES = YES;
				BUNDLE_LOADER = "$(TEST_HOST)";
				CODE_SIGN_STYLE = Automatic;
				INFOPLIST_FILE = "app-register-cpfTests/Info.plist";
				IPHONEOS_DEPLOYMENT_TARGET = 14.2;
				LD_RUNPATH_SEARCH_PATHS = (
					"$(inherited)",
					"@executable_path/Frameworks",
					"@loader_path/Frameworks",
				);
				PRODUCT_BUNDLE_IDENTIFIER = "com.raphaelHenrique.app-register-cpfTests";
				PRODUCT_NAME = "$(TARGET_NAME)";
				SWIFT_VERSION = 5.0;
				TARGETED_DEVICE_FAMILY = "1,2";
				TEST_HOST = "$(BUILT_PRODUCTS_DIR)/app-register-cpf.app/app-register-cpf";
			};
			name = Debug;
		};
		91F7BE4B2577383B00965278 /* Release */ = {
			isa = XCBuildConfiguration;
			baseConfigurationReference = 544D6C77C48B05C273314CE2 /* Pods-app-register-cpfTests.release.xcconfig */;
			buildSettings = {
				ALWAYS_EMBED_SWIFT_STANDARD_LIBRARIES = YES;
				BUNDLE_LOADER = "$(TEST_HOST)";
				CODE_SIGN_STYLE = Automatic;
				INFOPLIST_FILE = "app-register-cpfTests/Info.plist";
				IPHONEOS_DEPLOYMENT_TARGET = 14.2;
				LD_RUNPATH_SEARCH_PATHS = (
					"$(inherited)",
					"@executable_path/Frameworks",
					"@loader_path/Frameworks",
				);
				PRODUCT_BUNDLE_IDENTIFIER = "com.raphaelHenrique.app-register-cpfTests";
				PRODUCT_NAME = "$(TARGET_NAME)";
				SWIFT_VERSION = 5.0;
				TARGETED_DEVICE_FAMILY = "1,2";
				TEST_HOST = "$(BUILT_PRODUCTS_DIR)/app-register-cpf.app/app-register-cpf";
			};
			name = Release;
		};
		91F7BE4D2577383B00965278 /* Debug */ = {
			isa = XCBuildConfiguration;
			baseConfigurationReference = 9C954052E2D6B17161E4122B /* Pods-app-register-cpf-app-register-cpfUITests.debug.xcconfig */;
			buildSettings = {
				ALWAYS_EMBED_SWIFT_STANDARD_LIBRARIES = YES;
				CODE_SIGN_STYLE = Automatic;
				INFOPLIST_FILE = "app-register-cpfUITests/Info.plist";
				LD_RUNPATH_SEARCH_PATHS = (
					"$(inherited)",
					"@executable_path/Frameworks",
					"@loader_path/Frameworks",
				);
				PRODUCT_BUNDLE_IDENTIFIER = "com.raphaelHenrique.app-register-cpfUITests";
				PRODUCT_NAME = "$(TARGET_NAME)";
				SWIFT_VERSION = 5.0;
				TARGETED_DEVICE_FAMILY = "1,2";
				TEST_TARGET_NAME = "app-register-cpf";
			};
			name = Debug;
		};
		91F7BE4E2577383B00965278 /* Release */ = {
			isa = XCBuildConfiguration;
			baseConfigurationReference = 5CF92B9AF9D260E498F11861 /* Pods-app-register-cpf-app-register-cpfUITests.release.xcconfig */;
			buildSettings = {
				ALWAYS_EMBED_SWIFT_STANDARD_LIBRARIES = YES;
				CODE_SIGN_STYLE = Automatic;
				INFOPLIST_FILE = "app-register-cpfUITests/Info.plist";
				LD_RUNPATH_SEARCH_PATHS = (
					"$(inherited)",
					"@executable_path/Frameworks",
					"@loader_path/Frameworks",
				);
				PRODUCT_BUNDLE_IDENTIFIER = "com.raphaelHenrique.app-register-cpfUITests";
				PRODUCT_NAME = "$(TARGET_NAME)";
				SWIFT_VERSION = 5.0;
				TARGETED_DEVICE_FAMILY = "1,2";
				TEST_TARGET_NAME = "app-register-cpf";
			};
			name = Release;
		};
/* End XCBuildConfiguration section */

/* Begin XCConfigurationList section */
		91F7BE142577383900965278 /* Build configuration list for PBXProject "app-register-cpf" */ = {
			isa = XCConfigurationList;
			buildConfigurations = (
				91F7BE442577383B00965278 /* Debug */,
				91F7BE452577383B00965278 /* Release */,
			);
			defaultConfigurationIsVisible = 0;
			defaultConfigurationName = Release;
		};
		91F7BE462577383B00965278 /* Build configuration list for PBXNativeTarget "app-register-cpf" */ = {
			isa = XCConfigurationList;
			buildConfigurations = (
				91F7BE472577383B00965278 /* Debug */,
				91F7BE482577383B00965278 /* Release */,
			);
			defaultConfigurationIsVisible = 0;
			defaultConfigurationName = Release;
		};
		91F7BE492577383B00965278 /* Build configuration list for PBXNativeTarget "app-register-cpfTests" */ = {
			isa = XCConfigurationList;
			buildConfigurations = (
				91F7BE4A2577383B00965278 /* Debug */,
				91F7BE4B2577383B00965278 /* Release */,
			);
			defaultConfigurationIsVisible = 0;
			defaultConfigurationName = Release;
		};
		91F7BE4C2577383B00965278 /* Build configuration list for PBXNativeTarget "app-register-cpfUITests" */ = {
			isa = XCConfigurationList;
			buildConfigurations = (
				91F7BE4D2577383B00965278 /* Debug */,
				91F7BE4E2577383B00965278 /* Release */,
			);
			defaultConfigurationIsVisible = 0;
			defaultConfigurationName = Release;
		};
/* End XCConfigurationList section */

/* Begin XCVersionGroup section */
		91F7C0192578895900965278 /* app_register_cpf.xcdatamodeld */ = {
			isa = XCVersionGroup;
			children = (
				91F7C01A2578895900965278 /* app_register_cpf.xcdatamodel */,
			);
			currentVersion = 91F7C01A2578895900965278 /* app_register_cpf.xcdatamodel */;
			path = app_register_cpf.xcdatamodeld;
			sourceTree = "<group>";
			versionGroupType = wrapper.xcdatamodel;
		};
/* End XCVersionGroup section */
	};
	rootObject = 91F7BE112577383900965278 /* Project object */;
}
